dependencies:
  idf:
    source:
      type: idf
    version: 6.0.0
  nopnop2002/ssd1306:
    component_hash: c118e111d989d2b427ff714bab329405d76deff181bd1bb7356b3b19e74c141b
    dependencies: []
    source:
      git: https://github.com/nopnop2002/esp-idf-ssd1306.git
      path: components/ssd1306/
      type: git
    version: ddcb2a33daee4723ad8062714e72ba0208462613
direct_dependencies:
- idf
- nopnop2002/ssd1306
manifest_hash: 54f7a344c288cb6917288c869eb7473a94707ecc27699654e9aeecb5e3749df3
target: esp32
version: 2.0.0
